
Microsoft Visual Studio Solution File, Format Version 12.00
# Visual Studio Version 17
VisualStudioVersion = 17.3.32901.215
MinimumVisualStudioVersion = 10.0.40219.1
Project("{FAE04EC0-301F-11D3-BF4B-00C04F79EFBC}") = "PathSaver", "PathSaver\PathSaver.csproj", "{742F68AE-2B20-44B3-8358-39361FFAF660}"
EndProject
Global
	GlobalSection(SolutionConfigurationPlatforms) = preSolution
		Debug|Any CPU = Debug|Any CPU
		Release|Any CPU = Release|Any CPU
	EndGlobalSection
	GlobalSection(ProjectConfigurationPlatforms) = postSolution
		{742F68AE-2B20-44B3-8358-39361FFAF660}.Debug|Any CPU.ActiveCfg = Debug|Any CPU
		{742F68AE-2B20-44B3-8358-39361FFAF660}.Debug|Any CPU.Build.0 = Debug|Any CPU
		{742F68AE-2B20-44B3-8358-39361FFAF660}.Release|Any CPU.ActiveCfg = Release|Any CPU
		{742F68AE-2B20-44B3-8358-39361FFAF660}.Release|Any CPU.Build.0 = Release|Any CPU
	EndGlobalSection
	GlobalSection(SolutionProperties) = preSolution
		HideSolutionNode = FALSE
	EndGlobalSection
	GlobalSection(ExtensibilityGlobals) = postSolution
		SolutionGuid = {016C2B17-F8C7-44FC-BBB6-4B8172D2A9E5}
	EndGlobalSection
EndGlobal
